
Microsoft Visual Studio Solution File, Format Version 12.00
# Visual Studio 2013
VisualStudioVersion = 12.0.40629.0
MinimumVisualStudioVersion = 10.0.40219.1
Project("{FAE04EC0-301F-11D3-BF4B-00C04F79EFBC}") = "SqlDataAccess", "SqlDataAccess\SqlDataAccess.csproj", "{06A60EF6-DBE0-417D-9FC8-A8A161DBDA66}"
EndProject
Project("{FAE04EC0-301F-11D3-BF4B-00C04F79EFBC}") = "WeatherDomain", "WeatherDomain\WeatherDomain.csproj", "{AB7420E1-21A3-48D4-A436-9BBC6E2D3E0C}"
EndProject
Project("{FAE04EC0-301F-11D3-BF4B-00C04F79EFBC}") = "WeatherDisplay", "WeatherDisplay\WeatherDisplay.csproj", "{0579DC6A-CEC1-4C4A-AC9E-0D58840083F4}"
EndProject
Global
	GlobalSection(SolutionConfigurationPlatforms) = preSolution
		Debug|Any CPU = Debug|Any CPU
		Release|Any CPU = Release|Any CPU
	EndGlobalSection
	GlobalSection(ProjectConfigurationPlatforms) = postSolution
		{06A60EF6-DBE0-417D-9FC8-A8A161DBDA66}.Debug|Any CPU.ActiveCfg = Debug|Any CPU
		{06A60EF6-DBE0-417D-9FC8-A8A161DBDA66}.Debug|Any CPU.Build.0 = Debug|Any CPU
		{06A60EF6-DBE0-417D-9FC8-A8A161DBDA66}.Release|Any CPU.ActiveCfg = Release|Any CPU
		{06A60EF6-DBE0-417D-9FC8-A8A161DBDA66}.Release|Any CPU.Build.0 = Release|Any CPU
		{AB7420E1-21A3-48D4-A436-9BBC6E2D3E0C}.Debug|Any CPU.ActiveCfg = Debug|Any CPU
		{AB7420E1-21A3-48D4-A436-9BBC6E2D3E0C}.Debug|Any CPU.Build.0 = Debug|Any CPU
		{AB7420E1-21A3-48D4-A436-9BBC6E2D3E0C}.Release|Any CPU.ActiveCfg = Release|Any CPU
		{AB7420E1-21A3-48D4-A436-9BBC6E2D3E0C}.Release|Any CPU.Build.0 = Release|Any CPU
		{0579DC6A-CEC1-4C4A-AC9E-0D58840083F4}.Debug|Any CPU.ActiveCfg = Debug|Any CPU
		{0579DC6A-CEC1-4C4A-AC9E-0D58840083F4}.Debug|Any CPU.Build.0 = Debug|Any CPU
		{0579DC6A-CEC1-4C4A-AC9E-0D58840083F4}.Release|Any CPU.ActiveCfg = Release|Any CPU
		{0579DC6A-CEC1-4C4A-AC9E-0D58840083F4}.Release|Any CPU.Build.0 = Release|Any CPU
	EndGlobalSection
	GlobalSection(SolutionProperties) = preSolution
		HideSolutionNode = FALSE
	EndGlobalSection
EndGlobal
